lockfileVersion: '9.0'

settings:
  autoInstallPeers: true
  excludeLinksFromLockfile: false

importers:

  .:
    dependencies:
      '@xterm/addon-serialize':
        specifier: ^0.14.0
        version: 0.14.0
      '@xterm/headless':
        specifier: ^6.0.0
        version: 6.0.0
      zod:
        specifier: ^4.4.3
        version: 4.6.5
    devDependencies:
      '@deepseek-ai/cordis':
        specifier: ^4.0.4
        version: 4.0.4
      '@deepseek-ai/dsh-agent':
        specifier: ^0.1.7-rc.2
        version: 0.1.7-rc.2(e68b2527dc212de637466b5bc996c74a)
      '@deepseek-ai/dsh-llm':
        specifier: ^0.1.7-rc.2
        version: 0.1.7-rc.2(@deepseek-ai/cordis@4.0.4)
      '@deepseek-ai/dsh-tools':
        specifier: ^0.1.7-rc.2
        version: 0.1.7-rc.2(95a2f2955d1d72e6f2451f76e0b6c2ab)
      '@deepseek-ai/dsh-typert-generator':
        specifier: 0.1.6-alpha.2
        version: 0.1.6-alpha.2(@deepseek-ai/cordis@4.0.4)
      '@deepseek-ai/dsh-typert-protocol':
        specifier: workspace:*
        version: link:../typert-protocol

packages:

  '@deepseek-ai/cordis@4.0.4':
    resolution: {integrity: sha512-obgyxqWAmFn3Re8kvsuUnyW+ihrz6eJCnJO4fh1cQzDtmPYz/zzVeUkH9R94I0OwSVOocK67Kgakm04j/oQXzg==}
    hasBin: true
    peerDependencies:
      '@deepseek-ai/cordis-plugin-include': ~1.0.9
      '@deepseek-ai/cordis-plugin-loader': ~1.0.5
    peerDependenciesMeta:
      '@deepseek-ai/cordis-plugin-include':
        optional: true
      '@deepseek-ai/cordis-plugin-loader':
        optional: true

  '@deepseek-ai/cosmokit@1.8.5':
    resolution: {integrity: sha512-LXsrlem9z8dq4sLflj2yuCuYX7KqhdzF5hZly3eZyuTo8d6oDSOXuEgC5DbQWKW+lksm6zmOutQLsP/ma6wR6A==}

  '@deepseek-ai/dsh-agent@0.1.7-rc.2':
    resolution: {integrity: sha512-9U/zHZvZqRR5S2FD9fjjAuoMh+WfDan+bE/cLBLSLpqftjZ0FhIlEBK99yonUkNkGemyHiH/lL3jCKYw35ahJA==}
    peerDependencies:
      '@deepseek-ai/cordis': ~4.0.4
      '@deepseek-ai/dsh-invariants': 0.1.7-rc.2
      '@deepseek-ai/dsh-llm': 0.1.7-rc.2
      '@deepseek-ai/dsh-scope': 0.1.7-rc.2
      '@deepseek-ai/dsh-session': 0.1.7-rc.2
      '@deepseek-ai/dsh-session-projection': 0.1.7-rc.2
      '@deepseek-ai/dsh-system-prompt': 0.1.7-rc.2
      '@deepseek-ai/dsh-typert-protocol': 0.1.7-rc.2
      '@deepseek-ai/dsh-util-values': 0.1.7-rc.2
      '@deepseek-ai/dsh-workspace': 0.1.7-rc.2
    peerDependenciesMeta:
      '@deepseek-ai/dsh-workspace':
        optional: true

  '@deepseek-ai/dsh-brand@0.1.7-rc.2':
    resolution: {integrity: sha512-cvcvlNRuiFqZNNqyxdu7wcpiBjd9xa/0MpuhRvee43zBp9uED2p5JolZr5/2EKJf57gYx9k9bedb+Zbyiqnpkw==}
    peerDependencies:
      '@deepseek-ai/cordis': ~4.0.4

  '@deepseek-ai/dsh-invariants@0.1.7-rc.2':
    resolution: {integrity: sha512-GY2lY2TUUH2Qk1ZnrB3Q5+lXSh4webn1kbt5nQfhojVmNbist/f3dJC8JJa7XXOUNvqAgqRN9IZ4egbDZ9LLxQ==}
    peerDependencies:
      '@deepseek-ai/cordis': ~4.0.4

  '@deepseek-ai/dsh-llm@0.1.7-rc.2':
    resolution: {integrity: sha512-hNT3ovFnbNDQ8g544bh2Q9ORX40aI6Y+jhjer1lETeHS4g0jTjqUUVfARCTA7uAFvHucSBg2rFgbisIktmJCxw==}
    peerDependencies:
      '@deepseek-ai/cordis': ~4.0.4

  '@deepseek-ai/dsh-ptc-runtime@0.1.7-rc.2':
    resolution: {integrity: sha512-zRFwSSUgTpKuFQTVwnuNO4067Gyi//4C4RRLaUntXaHkZv3z1S07f1fTaYwX4+ubIIAuAVeEsczxf6tPgZ8P5g==}
    peerDependencies:
      '@deepseek-ai/cordis': ~4.0.4
      '@deepseek-ai/dsh-sandbox': 0.1.7-rc.2

  '@deepseek-ai/dsh-sandbox-policy@0.1.7-rc.2':
    resolution: {integrity: sha512-pIhCaOEqYjNoKy/c7dYYgYzK+zp8/FxnEeaBA5e6fTmNROb+/qSFsC4hY3Qu+PVU9IdbH/4fa6TbT2jnqoDPQw==}
    peerDependencies:
      '@deepseek-ai/cordis': ~4.0.4
      '@deepseek-ai/dsh-agent': 0.1.7-rc.2
      '@deepseek-ai/dsh-invariants': 0.1.7-rc.2
      '@deepseek-ai/dsh-sandbox': 0.1.7-rc.2
      '@deepseek-ai/dsh-session': 0.1.7-rc.2
      '@deepseek-ai/dsh-session-projection': 0.1.7-rc.2
      '@deepseek-ai/dsh-system-prompt': 0.1.7-rc.2

  '@deepseek-ai/dsh-sandbox@0.1.7-rc.2':
    resolution: {integrity: sha512-7aP893mtTvnuZfCKD6hUN5gYchi6Wogn4W3mg/rGMvogmhbWgrCs00boJx/eHK4KvVJmEW1e8kO5N+GtsesptA==}
    peerDependencies:
      '@deepseek-ai/cordis': ~4.0.4
      '@deepseek-ai/dsh-llm': 0.1.7-rc.2
      '@deepseek-ai/dsh-session': 0.1.7-rc.2

  '@deepseek-ai/dsh-scope@0.1.7-rc.2':
    resolution: {integrity: sha512-rk/OM5ej6/V8pCNczEqQ3BkKx3DuPeFGzNUsEZo8hF+tnkF/EhsxMWSXC/yP/uLKeNkSsVHzjFpaQR0qr0J3gQ==}
    peerDependencies:
      '@deepseek-ai/cordis': ~4.0.4
      '@deepseek-ai/dsh-invariants': 0.1.7-rc.2

  '@deepseek-ai/dsh-session-projection@0.1.7-rc.2':
    resolution: {integrity: sha512-s5T8oHBEh+GeOTJ+wehD4CGZkTiWgczZZA+NDbfbqUO0k5L+dk0kk3fN+/srAg77rhR7UeeDSR8ZNcpYx/VUdw==}
    peerDependencies:
      '@deepseek-ai/cordis': ~4.0.4
      '@deepseek-ai/dsh-session': 0.1.7-rc.2

  '@deepseek-ai/dsh-session@0.1.7-rc.2':
    resolution: {integrity: sha512-0dXv1t4Zox/yHkZ4PfPNSBWJfIc72PDqOvjz43EMoHpbmoKTVpit2UpUI+yTtX01e4MVBbDMxBZ95oJW/Oydnw==}
    peerDependencies:
      '@deepseek-ai/cordis': ~4.0.4
      '@deepseek-ai/dsh-scope': 0.1.7-rc.2

  '@deepseek-ai/dsh-system-prompt@0.1.7-rc.2':
    resolution: {integrity: sha512-vxKcADh7XOuWJOfa0WeEOhvFiUbMOdoK4w6M7KVCI0S99c9ktxrgY4wKdmAxap+nQjwTEPme3QuOlY3Na+cz9w==}
    peerDependencies:
      '@deepseek-ai/cordis': ~4.0.4
      '@deepseek-ai/dsh-invariants': 0.1.7-rc.2
      '@deepseek-ai/dsh-llm': 0.1.7-rc.2
      '@deepseek-ai/dsh-scope': 0.1.7-rc.2

  '@deepseek-ai/dsh-timeout@0.1.7-rc.2':
    resolution: {integrity: sha512-YunLoLZSF8Ld9eYwyvKoBnxgy3GZrIQpw98HfFS15ZfZlqcFiZcchFhYmStLtUbtX+gjhoeXc8Xz913YbVifNA==}
    peerDependencies:
      '@deepseek-ai/cordis': ~4.0.4

  '@deepseek-ai/dsh-tools@0.1.7-rc.2':
    resolution: {integrity: sha512-c3dTdKnslKxVTgjjPLwMKLqGUMwnZH5P8RUsucMQlWn2GViyFW/+5AIUuZHBjjE6Y7NAYl+lVVE/R4LgTp5KWA==}
    peerDependencies:
      '@deepseek-ai/cordis': ~4.0.4
      '@deepseek-ai/dsh-agent': 0.1.7-rc.2
      '@deepseek-ai/dsh-invariants': 0.1.7-rc.2
      '@deepseek-ai/dsh-llm': 0.1.7-rc.2
      '@deepseek-ai/dsh-ptc-runtime': 0.1.7-rc.2
      '@deepseek-ai/dsh-sandbox': 0.1.7-rc.2
      '@deepseek-ai/dsh-sandbox-policy': 0.1.7-rc.2
      '@deepseek-ai/dsh-scope': 0.1.7-rc.2
      '@deepseek-ai/dsh-session': 0.1.7-rc.2
      '@deepseek-ai/dsh-system-prompt': 0.1.7-rc.2
      '@deepseek-ai/dsh-user-approval': 0.1.7-rc.2

  '@deepseek-ai/dsh-typert-generator@0.1.6-alpha.2':
    resolution: {integrity: sha512-zdv7TZweADrXVf5k/QIUils082B5mqhVPH3njX7pH1FrvqpLc6pN27Q83aZTXRF+5qwf3VPeXq2ZJsnNB8FJyw==}
    peerDependencies:
      '@deepseek-ai/cordis': ^4.0.2

  '@deepseek-ai/dsh-typert-protocol@0.1.7-rc.2':
    resolution: {integrity: sha512-oJm03zqMQlvt16Ejw7VWy3/gqlJGrBCZj3Z4KL8ydLJeeTToKIR49WVCxMbJTlH0F9QFljruLtHguA5B99AeUQ==}
    peerDependencies:
      '@deepseek-ai/cordis': ~4.0.4

  '@deepseek-ai/dsh-user-approval@0.1.7-rc.2':
    resolution: {integrity: sha512-RQ6GB+C4G6VY/eJrFfS89+89DfHFAJ5G1abhmutfKBhZcYSnGNZyPIzpr5mKbl2xNMIhvCJOb9WiFz2fUPW2HA==}
    peerDependencies:
      '@deepseek-ai/cordis': ~4.0.4
      '@deepseek-ai/dsh-agent': 0.1.7-rc.2
      '@deepseek-ai/dsh-brand': 0.1.7-rc.2
      '@deepseek-ai/dsh-invariants': 0.1.7-rc.2
      '@deepseek-ai/dsh-llm': 0.1.7-rc.2
      '@deepseek-ai/dsh-scope': 0.1.7-rc.2
      '@deepseek-ai/dsh-session': 0.1.7-rc.2
      '@deepseek-ai/dsh-system-prompt': 0.1.7-rc.2

  '@deepseek-ai/dsh-util-crypto@0.1.7-rc.2':
    resolution: {integrity: sha512-BGc55/bSj/1LcDTQ5fpok4U24X9SFyN+TB23/hBlbe2TBUKVuwO8+X5FFKKje2MLO8PWYEDkXv/LrV6jRVKZEg==}
    peerDependencies:
      '@deepseek-ai/cordis': ~4.0.4

  '@deepseek-ai/dsh-util-values@0.1.7-rc.2':
    resolution: {integrity: sha512-UX8nh5SbtZcPVVEvjd+9PCPcbybA6OpVzJGgFxYn59ao/7QQGyYbByS8KXr+THU5JtqmDDVb9xGUSJaF2IYmeQ==}
    peerDependencies:
      '@deepseek-ai/cordis': ~4.0.4

  '@deepseek-ai/schemastery@3.18.4':
    resolution: {integrity: sha512-SSXO6tYuyrIqKVbmOnIq0s+riUywYzouFMcnBluHF9n4KMo2G8HvEzhCYj6pj2617/glOjbJuVInJ9hfONsjkg==}

  '@jridgewell/gen-mapping@0.3.13':
    resolution: {integrity: sha512-2kkt/7niJ6MgEPxF0bYdQ6etZaA+fQvDcLKckhy1yIQOzaoKjBBjSj63/aLVjYE3qhRt5dvM+uUyfCg6UKCBbA==}

  '@jridgewell/resolve-uri@3.1.2':
    resolution: {integrity: sha512-bRISgCIjP20/tbWSPWMEi54QVPRZExkuD9lJL+UIxUKtwVJA8wW1Trb1jMs1RFXo1CBTNZ/5hpC9QvmKWdopKw==}
    engines: {node: '>=6.0.0'}

  '@jridgewell/sourcemap-codec@1.6.0':
    resolution: {integrity: sha512-T7jf+5zgsZHwNJ4lvQ7/aezbyk0nNX+zJVWpmHA7VYsEx7a7qr5Rg5IbtJFqkgze5Y2sruq1RUY8Q837Od7iFw==}

  '@jridgewell/trace-mapping@0.3.31':
    resolution: {integrity: sha512-zzNR+SdQSDJzc8joaeP8QQoCQr8NuYx2dIIytl1QeBEZHJ9uW6hebsrYgbz8hJwUQao3TWCMtmfV8Nu1twOLAw==}

  '@standard-schema/spec@1.1.0':
    resolution: {integrity: sha512-l2aFy5jALhniG5HgqrD6jXLi/rUWrKvqN/qJx6yoJsgKhblVd+iqqU4RCXavm/jPityDo5TCvKMnpjKnOriy0w==}

  '@xterm/addon-serialize@0.14.0':
    resolution: {integrity: sha512-uteyTU1EkrQa2Ux6P/uFl2fzmXI46jy5uoQMKEOM0fKTyiW7cSn0WrFenHm5vO5uEXX/GpwW/FgILvv3r0WbkA==}

  '@xterm/headless@6.0.0':
    resolution: {integrity: sha512-5Yj1QINYCyzrZtf8OFIHi47iQtI+0qYFPHmouEfG8dHNxbZ9Tb9YGSuLcsEwj9Z+OL75GJqPyJbyoFer80a2Hw==}

  typescript@6.0.3:
    resolution: {integrity: sha512-y2TvuxSZPDyQakkFRPZHKFm+KKVqIisdg9/CZwm9ftvKXLP8NRWj38/ODjNbr43SsoXqNuAisEf1GdCxqWcdBw==}
    engines: {node: '>=14.17'}
    hasBin: true

  zod@4.6.5:
    resolution: {integrity: sha512-v5l/aFXZQeai4awLbOpSoHecE9UiMrnfx75tEXLjNonXVARxQ5mOeipTjROUchszUNCqnE+hqAMujRsRHsut2Q==}

snapshots:

  '@deepseek-ai/cordis@4.0.4':
    dependencies:
      '@deepseek-ai/cosmokit': 1.8.5
      '@standard-schema/spec': 1.1.0

  '@deepseek-ai/cosmokit@1.8.5': {}

  '@deepseek-ai/dsh-agent@0.1.7-rc.2(e68b2527dc212de637466b5bc996c74a)':
    dependencies:
      '@deepseek-ai/cordis': 4.0.4
      '@deepseek-ai/dsh-invariants': 0.1.7-rc.2(@deepseek-ai/cordis@4.0.4)
      '@deepseek-ai/dsh-llm': 0.1.7-rc.2(@deepseek-ai/cordis@4.0.4)
      '@deepseek-ai/dsh-scope': 0.1.7-rc.2(@deepseek-ai/cordis@4.0.4)(@deepseek-ai/dsh-invariants@0.1.7-rc.2(@deepseek-ai/cordis@4.0.4))
      '@deepseek-ai/dsh-session': 0.1.7-rc.2(@deepseek-ai/cordis@4.0.4)(@deepseek-ai/dsh-scope@0.1.7-rc.2(@deepseek-ai/cordis@4.0.4)(@deepseek-ai/dsh-invariants@0.1.7-rc.2(@deepseek-ai/cordis@4.0.4)))
      '@deepseek-ai/dsh-session-projection': 0.1.7-rc.2(@deepseek-ai/cordis@4.0.4)(@deepseek-ai/dsh-session@0.1.7-rc.2(@deepseek-ai/cordis@4.0.4)(@deepseek-ai/dsh-scope@0.1.7-rc.2(@deepseek-ai/cordis@4.0.4)(@deepseek-ai/dsh-invariants@0.1.7-rc.2(@deepseek-ai/cordis@4.0.4))))
      '@deepseek-ai/dsh-system-prompt': 0.1.7-rc.2(@deepseek-ai/cordis@4.0.4)(@deepseek-ai/dsh-invariants@0.1.7-rc.2(@deepseek-ai/cordis@4.0.4))(@deepseek-ai/dsh-llm@0.1.7-rc.2(@deepseek-ai/cordis@4.0.4))(@deepseek-ai/dsh-scope@0.1.7-rc.2(@deepseek-ai/cordis@4.0.4)(@deepseek-ai/dsh-invariants@0.1.7-rc.2(@deepseek-ai/cordis@4.0.4)))
      '@deepseek-ai/dsh-typert-protocol': link:../typert-protocol
      '@deepseek-ai/dsh-util-values': 0.1.7-rc.2(@deepseek-ai/cordis@4.0.4)

  '@deepseek-ai/dsh-brand@0.1.7-rc.2(@deepseek-ai/cordis@4.0.4)':
    dependencies:
      '@deepseek-ai/cordis': 4.0.4

  '@deepseek-ai/dsh-invariants@0.1.7-rc.2(@deepseek-ai/cordis@4.0.4)':
    dependencies:
      '@deepseek-ai/cordis': 4.0.4
      '@deepseek-ai/schemastery': 3.18.4

  '@deepseek-ai/dsh-llm@0.1.7-rc.2(@deepseek-ai/cordis@4.0.4)':
    dependencies:
      '@deepseek-ai/cordis': 4.0.4
      '@deepseek-ai/dsh-brand': 0.1.7-rc.2(@deepseek-ai/cordis@4.0.4)
      '@deepseek-ai/dsh-timeout': 0.1.7-rc.2(@deepseek-ai/cordis@4.0.4)
      '@deepseek-ai/dsh-typert-protocol': 0.1.7-rc.2(@deepseek-ai/cordis@4.0.4)
      '@deepseek-ai/dsh-util-crypto': 0.1.7-rc.2(@deepseek-ai/cordis@4.0.4)
      '@deepseek-ai/dsh-util-values': 0.1.7-rc.2(@deepseek-ai/cordis@4.0.4)
      '@deepseek-ai/schemastery': 3.18.4
      zod: 4.6.5

  '@deepseek-ai/dsh-ptc-runtime@0.1.7-rc.2(@deepseek-ai/cordis@4.0.4)(@deepseek-ai/dsh-sandbox@0.1.7-rc.2(@deepseek-ai/cordis@4.0.4)(@deepseek-ai/dsh-llm@0.1.7-rc.2(@deepseek-ai/cordis@4.0.4))(@deepseek-ai/dsh-session@0.1.7-rc.2(@deepseek-ai/cordis@4.0.4)(@deepseek-ai/dsh-scope@0.1.7-rc.2(@deepseek-ai/cordis@4.0.4)(@deepseek-ai/dsh-invariants@0.1.7-rc.2(@deepseek-ai/cordis@4.0.4)))))':
    dependencies:
      '@deepseek-ai/cordis': 4.0.4
      '@deepseek-ai/dsh-sandbox': 0.1.7-rc.2(@deepseek-ai/cordis@4.0.4)(@deepseek-ai/dsh-llm@0.1.7-rc.2(@deepseek-ai/cordis@4.0.4))(@deepseek-ai/dsh-session@0.1.7-rc.2(@deepseek-ai/cordis@4.0.4)(@deepseek-ai/dsh-scope@0.1.7-rc.2(@deepseek-ai/cordis@4.0.4)(@deepseek-ai/dsh-invariants@0.1.7-rc.2(@deepseek-ai/cordis@4.0.4))))

  '@deepseek-ai/dsh-sandbox-policy@0.1.7-rc.2(1717a34cd6b08b3ebbc44f61362f4ff7)':
    dependencies:
      '@deepseek-ai/cordis': 4.0.4
      '@deepseek-ai/dsh-agent': 0.1.7-rc.2(e68b2527dc212de637466b5bc996c74a)
      '@deepseek-ai/dsh-invariants': 0.1.7-rc.2(@deepseek-ai/cordis@4.0.4)
      '@deepseek-ai/dsh-sandbox': 0.1.7-rc.2(@deepseek-ai/cordis@4.0.4)(@deepseek-ai/dsh-llm@0.1.7-rc.2(@deepseek-ai/cordis@4.0.4))(@deepseek-ai/dsh-session@0.1.7-rc.2(@deepseek-ai/cordis@4.0.4)(@deepseek-ai/dsh-scope@0.1.7-rc.2(@deepseek-ai/cordis@4.0.4)(@deepseek-ai/dsh-invariants@0.1.7-rc.2(@deepseek-ai/cordis@4.0.4))))
      '@deepseek-ai/dsh-session': 0.1.7-rc.2(@deepseek-ai/cordis@4.0.4)(@deepseek-ai/dsh-scope@0.1.7-rc.2(@deepseek-ai/cordis@4.0.4)(@deepseek-ai/dsh-invariants@0.1.7-rc.2(@deepseek-ai/cordis@4.0.4)))
      '@deepseek-ai/dsh-session-projection': 0.1.7-rc.2(@deepseek-ai/cordis@4.0.4)(@deepseek-ai/dsh-session@0.1.7-rc.2(@deepseek-ai/cordis@4.0.4)(@deepseek-ai/dsh-scope@0.1.7-rc.2(@deepseek-ai/cordis@4.0.4)(@deepseek-ai/dsh-invariants@0.1.7-rc.2(@deepseek-ai/cordis@4.0.4))))
      '@deepseek-ai/dsh-system-prompt': 0.1.7-rc.2(@deepseek-ai/cordis@4.0.4)(@deepseek-ai/dsh-invariants@0.1.7-rc.2(@deepseek-ai/cordis@4.0.4))(@deepseek-ai/dsh-llm@0.1.7-rc.2(@deepseek-ai/cordis@4.0.4))(@deepseek-ai/dsh-scope@0.1.7-rc.2(@deepseek-ai/cordis@4.0.4)(@deepseek-ai/dsh-invariants@0.1.7-rc.2(@deepseek-ai/cordis@4.0.4)))
      '@deepseek-ai/schemastery': 3.18.4
      zod: 4.6.5

  '@deepseek-ai/dsh-sandbox@0.1.7-rc.2(@deepseek-ai/cordis@4.0.4)(@deepseek-ai/dsh-llm@0.1.7-rc.2(@deepseek-ai/cordis@4.0.4))(@deepseek-ai/dsh-session@0.1.7-rc.2(@deepseek-ai/cordis@4.0.4)(@deepseek-ai/dsh-scope@0.1.7-rc.2(@deepseek-ai/cordis@4.0.4)(@deepseek-ai/dsh-invariants@0.1.7-rc.2(@deepseek-ai/cordis@4.0.4))))':
    dependencies:
      '@deepseek-ai/cordis': 4.0.4
      '@deepseek-ai/dsh-llm': 0.1.7-rc.2(@deepseek-ai/cordis@4.0.4)
      '@deepseek-ai/dsh-session': 0.1.7-rc.2(@deepseek-ai/cordis@4.0.4)(@deepseek-ai/dsh-scope@0.1.7-rc.2(@deepseek-ai/cordis@4.0.4)(@deepseek-ai/dsh-invariants@0.1.7-rc.2(@deepseek-ai/cordis@4.0.4)))
      '@deepseek-ai/dsh-util-values': 0.1.7-rc.2(@deepseek-ai/cordis@4.0.4)

  '@deepseek-ai/dsh-scope@0.1.7-rc.2(@deepseek-ai/cordis@4.0.4)(@deepseek-ai/dsh-invariants@0.1.7-rc.2(@deepseek-ai/cordis@4.0.4))':
    dependencies:
      '@deepseek-ai/cordis': 4.0.4
      '@deepseek-ai/dsh-invariants': 0.1.7-rc.2(@deepseek-ai/cordis@4.0.4)

  '@deepseek-ai/dsh-session-projection@0.1.7-rc.2(@deepseek-ai/cordis@4.0.4)(@deepseek-ai/dsh-session@0.1.7-rc.2(@deepseek-ai/cordis@4.0.4)(@deepseek-ai/dsh-scope@0.1.7-rc.2(@deepseek-ai/cordis@4.0.4)(@deepseek-ai/dsh-invariants@0.1.7-rc.2(@deepseek-ai/cordis@4.0.4))))':
    dependencies:
      '@deepseek-ai/cordis': 4.0.4
      '@deepseek-ai/dsh-session': 0.1.7-rc.2(@deepseek-ai/cordis@4.0.4)(@deepseek-ai/dsh-scope@0.1.7-rc.2(@deepseek-ai/cordis@4.0.4)(@deepseek-ai/dsh-invariants@0.1.7-rc.2(@deepseek-ai/cordis@4.0.4)))
      zod: 4.6.5

  '@deepseek-ai/dsh-session@0.1.7-rc.2(@deepseek-ai/cordis@4.0.4)(@deepseek-ai/dsh-scope@0.1.7-rc.2(@deepseek-ai/cordis@4.0.4)(@deepseek-ai/dsh-invariants@0.1.7-rc.2(@deepseek-ai/cordis@4.0.4)))':
    dependencies:
      '@deepseek-ai/cordis': 4.0.4
      '@deepseek-ai/dsh-brand': 0.1.7-rc.2(@deepseek-ai/cordis@4.0.4)
      '@deepseek-ai/dsh-llm': 0.1.7-rc.2(@deepseek-ai/cordis@4.0.4)
      '@deepseek-ai/dsh-scope': 0.1.7-rc.2(@deepseek-ai/cordis@4.0.4)(@deepseek-ai/dsh-invariants@0.1.7-rc.2(@deepseek-ai/cordis@4.0.4))
      '@deepseek-ai/dsh-util-values': 0.1.7-rc.2(@deepseek-ai/cordis@4.0.4)

  '@deepseek-ai/dsh-system-prompt@0.1.7-rc.2(@deepseek-ai/cordis@4.0.4)(@deepseek-ai/dsh-invariants@0.1.7-rc.2(@deepseek-ai/cordis@4.0.4))(@deepseek-ai/dsh-llm@0.1.7-rc.2(@deepseek-ai/cordis@4.0.4))(@deepseek-ai/dsh-scope@0.1.7-rc.2(@deepseek-ai/cordis@4.0.4)(@deepseek-ai/dsh-invariants@0.1.7-rc.2(@deepseek-ai/cordis@4.0.4)))':
    dependencies:
      '@deepseek-ai/cordis': 4.0.4
      '@deepseek-ai/dsh-invariants': 0.1.7-rc.2(@deepseek-ai/cordis@4.0.4)
      '@deepseek-ai/dsh-llm': 0.1.7-rc.2(@deepseek-ai/cordis@4.0.4)
      '@deepseek-ai/dsh-scope': 0.1.7-rc.2(@deepseek-ai/cordis@4.0.4)(@deepseek-ai/dsh-invariants@0.1.7-rc.2(@deepseek-ai/cordis@4.0.4))
      '@deepseek-ai/schemastery': 3.18.4

  '@deepseek-ai/dsh-timeout@0.1.7-rc.2(@deepseek-ai/cordis@4.0.4)':
    dependencies:
      '@deepseek-ai/cordis': 4.0.4

  '@deepseek-ai/dsh-tools@0.1.7-rc.2(95a2f2955d1d72e6f2451f76e0b6c2ab)':
    dependencies:
      '@deepseek-ai/cordis': 4.0.4
      '@deepseek-ai/dsh-agent': 0.1.7-rc.2(e68b2527dc212de637466b5bc996c74a)
      '@deepseek-ai/dsh-brand': 0.1.7-rc.2(@deepseek-ai/cordis@4.0.4)
      '@deepseek-ai/dsh-invariants': 0.1.7-rc.2(@deepseek-ai/cordis@4.0.4)
      '@deepseek-ai/dsh-llm': 0.1.7-rc.2(@deepseek-ai/cordis@4.0.4)
      '@deepseek-ai/dsh-ptc-runtime': 0.1.7-rc.2(@deepseek-ai/cordis@4.0.4)(@deepseek-ai/dsh-sandbox@0.1.7-rc.2(@deepseek-ai/cordis@4.0.4)(@deepseek-ai/dsh-llm@0.1.7-rc.2(@deepseek-ai/cordis@4.0.4))(@deepseek-ai/dsh-session@0.1.7-rc.2(@deepseek-ai/cordis@4.0.4)(@deepseek-ai/dsh-scope@0.1.7-rc.2(@deepseek-ai/cordis@4.0.4)(@deepseek-ai/dsh-invariants@0.1.7-rc.2(@deepseek-ai/cordis@4.0.4)))))
      '@deepseek-ai/dsh-sandbox': 0.1.7-rc.2(@deepseek-ai/cordis@4.0.4)(@deepseek-ai/dsh-llm@0.1.7-rc.2(@deepseek-ai/cordis@4.0.4))(@deepseek-ai/dsh-session@0.1.7-rc.2(@deepseek-ai/cordis@4.0.4)(@deepseek-ai/dsh-scope@0.1.7-rc.2(@deepseek-ai/cordis@4.0.4)(@deepseek-ai/dsh-invariants@0.1.7-rc.2(@deepseek-ai/cordis@4.0.4))))
      '@deepseek-ai/dsh-sandbox-policy': 0.1.7-rc.2(1717a34cd6b08b3ebbc44f61362f4ff7)
      '@deepseek-ai/dsh-scope': 0.1.7-rc.2(@deepseek-ai/cordis@4.0.4)(@deepseek-ai/dsh-invariants@0.1.7-rc.2(@deepseek-ai/cordis@4.0.4))
      '@deepseek-ai/dsh-session': 0.1.7-rc.2(@deepseek-ai/cordis@4.0.4)(@deepseek-ai/dsh-scope@0.1.7-rc.2(@deepseek-ai/cordis@4.0.4)(@deepseek-ai/dsh-invariants@0.1.7-rc.2(@deepseek-ai/cordis@4.0.4)))
      '@deepseek-ai/dsh-system-prompt': 0.1.7-rc.2(@deepseek-ai/cordis@4.0.4)(@deepseek-ai/dsh-invariants@0.1.7-rc.2(@deepseek-ai/cordis@4.0.4))(@deepseek-ai/dsh-llm@0.1.7-rc.2(@deepseek-ai/cordis@4.0.4))(@deepseek-ai/dsh-scope@0.1.7-rc.2(@deepseek-ai/cordis@4.0.4)(@deepseek-ai/dsh-invariants@0.1.7-rc.2(@deepseek-ai/cordis@4.0.4)))
      '@deepseek-ai/dsh-user-approval': 0.1.7-rc.2(@deepseek-ai/cordis@4.0.4)(@deepseek-ai/dsh-agent@0.1.7-rc.2(e68b2527dc212de637466b5bc996c74a))(@deepseek-ai/dsh-brand@0.1.7-rc.2(@deepseek-ai/cordis@4.0.4))(@deepseek-ai/dsh-invariants@0.1.7-rc.2(@deepseek-ai/cordis@4.0.4))(@deepseek-ai/dsh-llm@0.1.7-rc.2(@deepseek-ai/cordis@4.0.4))(@deepseek-ai/dsh-scope@0.1.7-rc.2(@deepseek-ai/cordis@4.0.4)(@deepseek-ai/dsh-invariants@0.1.7-rc.2(@deepseek-ai/cordis@4.0.4)))(@deepseek-ai/dsh-session@0.1.7-rc.2(@deepseek-ai/cordis@4.0.4)(@deepseek-ai/dsh-scope@0.1.7-rc.2(@deepseek-ai/cordis@4.0.4)(@deepseek-ai/dsh-invariants@0.1.7-rc.2(@deepseek-ai/cordis@4.0.4))))(@deepseek-ai/dsh-system-prompt@0.1.7-rc.2(@deepseek-ai/cordis@4.0.4)(@deepseek-ai/dsh-invariants@0.1.7-rc.2(@deepseek-ai/cordis@4.0.4))(@deepseek-ai/dsh-llm@0.1.7-rc.2(@deepseek-ai/cordis@4.0.4))(@deepseek-ai/dsh-scope@0.1.7-rc.2(@deepseek-ai/cordis@4.0.4)(@deepseek-ai/dsh-invariants@0.1.7-rc.2(@deepseek-ai/cordis@4.0.4))))
      '@deepseek-ai/dsh-util-values': 0.1.7-rc.2(@deepseek-ai/cordis@4.0.4)
      '@deepseek-ai/schemastery': 3.18.4

  '@deepseek-ai/dsh-typert-generator@0.1.6-alpha.2(@deepseek-ai/cordis@4.0.4)':
    dependencies:
      '@deepseek-ai/cordis': 4.0.4
      '@jridgewell/gen-mapping': 0.3.13
      typescript: 6.0.3

  '@deepseek-ai/dsh-typert-protocol@0.1.7-rc.2(@deepseek-ai/cordis@4.0.4)':
    dependencies:
      '@deepseek-ai/cordis': 4.0.4
      '@deepseek-ai/dsh-brand': 0.1.7-rc.2(@deepseek-ai/cordis@4.0.4)

  '@deepseek-ai/dsh-user-approval@0.1.7-rc.2(@deepseek-ai/cordis@4.0.4)(@deepseek-ai/dsh-agent@0.1.7-rc.2(e68b2527dc212de637466b5bc996c74a))(@deepseek-ai/dsh-brand@0.1.7-rc.2(@deepseek-ai/cordis@4.0.4))(@deepseek-ai/dsh-invariants@0.1.7-rc.2(@deepseek-ai/cordis@4.0.4))(@deepseek-ai/dsh-llm@0.1.7-rc.2(@deepseek-ai/cordis@4.0.4))(@deepseek-ai/dsh-scope@0.1.7-rc.2(@deepseek-ai/cordis@4.0.4)(@deepseek-ai/dsh-invariants@0.1.7-rc.2(@deepseek-ai/cordis@4.0.4)))(@deepseek-ai/dsh-session@0.1.7-rc.2(@deepseek-ai/cordis@4.0.4)(@deepseek-ai/dsh-scope@0.1.7-rc.2(@deepseek-ai/cordis@4.0.4)(@deepseek-ai/dsh-invariants@0.1.7-rc.2(@deepseek-ai/cordis@4.0.4))))(@deepseek-ai/dsh-system-prompt@0.1.7-rc.2(@deepseek-ai/cordis@4.0.4)(@deepseek-ai/dsh-invariants@0.1.7-rc.2(@deepseek-ai/cordis@4.0.4))(@deepseek-ai/dsh-llm@0.1.7-rc.2(@deepseek-ai/cordis@4.0.4))(@deepseek-ai/dsh-scope@0.1.7-rc.2(@deepseek-ai/cordis@4.0.4)(@deepseek-ai/dsh-invariants@0.1.7-rc.2(@deepseek-ai/cordis@4.0.4))))':
    dependencies:
      '@deepseek-ai/cordis': 4.0.4
      '@deepseek-ai/dsh-agent': 0.1.7-rc.2(e68b2527dc212de637466b5bc996c74a)
      '@deepseek-ai/dsh-brand': 0.1.7-rc.2(@deepseek-ai/cordis@4.0.4)
      '@deepseek-ai/dsh-invariants': 0.1.7-rc.2(@deepseek-ai/cordis@4.0.4)
      '@deepseek-ai/dsh-llm': 0.1.7-rc.2(@deepseek-ai/cordis@4.0.4)
      '@deepseek-ai/dsh-scope': 0.1.7-rc.2(@deepseek-ai/cordis@4.0.4)(@deepseek-ai/dsh-invariants@0.1.7-rc.2(@deepseek-ai/cordis@4.0.4))
      '@deepseek-ai/dsh-session': 0.1.7-rc.2(@deepseek-ai/cordis@4.0.4)(@deepseek-ai/dsh-scope@0.1.7-rc.2(@deepseek-ai/cordis@4.0.4)(@deepseek-ai/dsh-invariants@0.1.7-rc.2(@deepseek-ai/cordis@4.0.4)))
      '@deepseek-ai/dsh-system-prompt': 0.1.7-rc.2(@deepseek-ai/cordis@4.0.4)(@deepseek-ai/dsh-invariants@0.1.7-rc.2(@deepseek-ai/cordis@4.0.4))(@deepseek-ai/dsh-llm@0.1.7-rc.2(@deepseek-ai/cordis@4.0.4))(@deepseek-ai/dsh-scope@0.1.7-rc.2(@deepseek-ai/cordis@4.0.4)(@deepseek-ai/dsh-invariants@0.1.7-rc.2(@deepseek-ai/cordis@4.0.4)))
      '@deepseek-ai/schemastery': 3.18.4

  '@deepseek-ai/dsh-util-crypto@0.1.7-rc.2(@deepseek-ai/cordis@4.0.4)':
    dependencies:
      '@deepseek-ai/cordis': 4.0.4

  '@deepseek-ai/dsh-util-values@0.1.7-rc.2(@deepseek-ai/cordis@4.0.4)':
    dependencies:
      '@deepseek-ai/cordis': 4.0.4

  '@deepseek-ai/schemastery@3.18.4':
    dependencies:
      '@deepseek-ai/cosmokit': 1.8.5
      '@standard-schema/spec': 1.1.0

  '@jridgewell/gen-mapping@0.3.13':
    dependencies:
      '@jridgewell/sourcemap-codec': 1.6.0
      '@jridgewell/trace-mapping': 0.3.31

  '@jridgewell/resolve-uri@3.1.2': {}

  '@jridgewell/sourcemap-codec@1.6.0': {}

  '@jridgewell/trace-mapping@0.3.31':
    dependencies:
      '@jridgewell/resolve-uri': 3.1.2
      '@jridgewell/sourcemap-codec': 1.6.0

  '@standard-schema/spec@1.1.0': {}

  '@xterm/addon-serialize@0.14.0': {}

  '@xterm/headless@6.0.0': {}

  typescript@6.0.3: {}

  zod@4.6.5: {}
